
Microsoft Visual Studio Solution File, Format Version 12.00
# Visual Studio Version 17
VisualStudioVersion = 17.6.33815.320
MinimumVisualStudioVersion = 10.0.40219.1
Project("{FAE04EC0-301F-11D3-BF4B-00C04F79EFBC}") = "AULA 2 - CONCEITO DE VARIÁVEL", "AULA 2 - CONCEITO DE VARIÁVEL\AULA 2 - CONCEITO DE VARIÁVEL.csproj", "{00310CF9-B2D9-484E-93A0-F4A235E35CC4}"
EndProject
Global
	GlobalSection(SolutionConfigurationPlatforms) = preSolution
		Debug|Any CPU = Debug|Any CPU
		Release|Any CPU = Release|Any CPU
	EndGlobalSection
	GlobalSection(ProjectConfigurationPlatforms) = postSolution
		{00310CF9-B2D9-484E-93A0-F4A235E35CC4}.Debug|Any CPU.ActiveCfg = Debug|Any CPU
		{00310CF9-B2D9-484E-93A0-F4A235E35CC4}.Debug|Any CPU.Build.0 = Debug|Any CPU
		{00310CF9-B2D9-484E-93A0-F4A235E35CC4}.Release|Any CPU.ActiveCfg = Release|Any CPU
		{00310CF9-B2D9-484E-93A0-F4A235E35CC4}.Release|Any CPU.Build.0 = Release|Any CPU
	EndGlobalSection
	GlobalSection(SolutionProperties) = preSolution
		HideSolutionNode = FALSE
	EndGlobalSection
	GlobalSection(ExtensibilityGlobals) = postSolution
		SolutionGuid = {99AF8A07-D56C-473F-B233-3A362DDE325E}
	EndGlobalSection
EndGlobal
